
Microsoft Visual Studio Solution File, Format Version 12.00
# Visual Studio Version 17
VisualStudioVersion = 17.0.31903.59
MinimumVisualStudioVersion = 10.0.40219.1
Project("{2150E333-8FDC-42A3-9474-1A3956D46DE8}") = "src", "src", "{827E0CD3-B72D-47B6-A68D-7590B98EB39B}"
EndProject
Project("{FAE04EC0-301F-11D3-BF4B-00C04F79EFBC}") = "DbSignal.Abstractions", "src\DbSignal.Abstractions\DbSignal.Abstractions.csproj", "{4DC22215-291D-402D-9E5A-6C559690ACAB}"
EndProject
Project("{FAE04EC0-301F-11D3-BF4B-00C04F79EFBC}") = "DbSignal.Sqlite", "src\DbSignal.Sqlite\DbSignal.Sqlite.csproj", "{7A1996AF-DC94-4C18-8EAE-2EF3EFFDC8BB}"
EndProject
Project("{2150E333-8FDC-42A3-9474-1A3956D46DE8}") = "tests", "tests", "{0AB3BF05-4346-4AA6-1389-037BE0695223}"
EndProject
Project("{FAE04EC0-301F-11D3-BF4B-00C04F79EFBC}") = "DbSignal.Conformance", "tests\DbSignal.Conformance\DbSignal.Conformance.csproj", "{665BFFE8-873F-4D87-982F-774B418E8473}"
EndProject
Project("{FAE04EC0-301F-11D3-BF4B-00C04F79EFBC}") = "DbSignal.Sqlite.Tests", "tests\DbSignal.Sqlite.Tests\DbSignal.Sqlite.Tests.csproj", "{A531EE34-6679-4636-8066-989F46E56C1F}"
EndProject
Project("{2150E333-8FDC-42A3-9474-1A3956D46DE8}") = "samples", "samples", "{5D20AA90-6969-D8BD-9DCD-8634F4692FDA}"
EndProject
Project("{FAE04EC0-301F-11D3-BF4B-00C04F79EFBC}") = "DbSignal.Sample.Sqlite", "samples\DbSignal.Sample.Sqlite\DbSignal.Sample.Sqlite.csproj", "{417FD4D4-FBB5-4E91-97B5-E6A7E2575340}"
EndProject
Project("{FAE04EC0-301F-11D3-BF4B-00C04F79EFBC}") = "DbSignal.SqlServer", "src\DbSignal.SqlServer\DbSignal.SqlServer.csproj", "{93B2C1F5-0A75-4486-8C05-406A36B6D695}"
EndProject
Project("{FAE04EC0-301F-11D3-BF4B-00C04F79EFBC}") = "DbSignal.SqlServer.Tests", "tests\DbSignal.SqlServer.Tests\DbSignal.SqlServer.Tests.csproj", "{F9A6C1FA-A953-43BB-9111-9B2FCE0D4A2F}"
EndProject
Project("{FAE04EC0-301F-11D3-BF4B-00C04F79EFBC}") = "DbSignal.Sample.SqlServer", "samples\DbSignal.Sample.SqlServer\DbSignal.Sample.SqlServer.csproj", "{66DD103B-C1E5-4B17-A90C-45774E042C38}"
EndProject
Project("{FAE04EC0-301F-11D3-BF4B-00C04F79EFBC}") = "DbSignal.Extensions.Hosting", "src\DbSignal.Extensions.Hosting\DbSignal.Extensions.Hosting.csproj", "{58413CE7-470D-4C27-BDBD-4CA04BC2E481}"
EndProject
Project("{FAE04EC0-301F-11D3-BF4B-00C04F79EFBC}") = "DbSignal.Extensions.Hosting.Tests", "tests\DbSignal.Extensions.Hosting.Tests\DbSignal.Extensions.Hosting.Tests.csproj", "{85C348FF-D227-42A9-8F8F-DDB673BE8A9B}"
EndProject
Project("{FAE04EC0-301F-11D3-BF4B-00C04F79EFBC}") = "DbSignal.PostgreSql", "src\DbSignal.PostgreSql\DbSignal.PostgreSql.csproj", "{0256A642-104C-4ABE-B7D9-5C4078FBBF94}"
EndProject
Project("{FAE04EC0-301F-11D3-BF4B-00C04F79EFBC}") = "DbSignal.PostgreSql.Tests", "tests\DbSignal.PostgreSql.Tests\DbSignal.PostgreSql.Tests.csproj", "{325AEDFA-A2B0-4D9D-8E00-36858997B6E2}"
EndProject
Project("{FAE04EC0-301F-11D3-BF4B-00C04F79EFBC}") = "DbSignal.Sample.PostgreSql", "samples\DbSignal.Sample.PostgreSql\DbSignal.Sample.PostgreSql.csproj", "{77AD9470-AB77-4468-868A-572DA9B58292}"
EndProject
Global
	GlobalSection(SolutionConfigurationPlatforms) = preSolution
		Debug|Any CPU = Debug|Any CPU
		Debug|x64 = Debug|x64
		Debug|x86 = Debug|x86
		Release|Any CPU = Release|Any CPU
		Release|x64 = Release|x64
		Release|x86 = Release|x86
	EndGlobalSection
	GlobalSection(ProjectConfigurationPlatforms) = postSolution
		{4DC22215-291D-402D-9E5A-6C559690ACAB}.Debug|Any CPU.ActiveCfg = Debug|Any CPU
		{4DC22215-291D-402D-9E5A-6C559690ACAB}.Debug|Any CPU.Build.0 = Debug|Any CPU
		{4DC22215-291D-402D-9E5A-6C559690ACAB}.Debug|x64.ActiveCfg = Debug|Any CPU
		{4DC22215-291D-402D-9E5A-6C559690ACAB}.Debug|x64.Build.0 = Debug|Any CPU
		{4DC22215-291D-402D-9E5A-6C559690ACAB}.Debug|x86.ActiveCfg = Debug|Any CPU
		{4DC22215-291D-402D-9E5A-6C559690ACAB}.Debug|x86.Build.0 = Debug|Any CPU
		{4DC22215-291D-402D-9E5A-6C559690ACAB}.Release|Any CPU.ActiveCfg = Release|Any CPU
		{4DC22215-291D-402D-9E5A-6C559690ACAB}.Release|Any CPU.Build.0 = Release|Any CPU
		{4DC22215-291D-402D-9E5A-6C559690ACAB}.Release|x64.ActiveCfg = Release|Any CPU
		{4DC22215-291D-402D-9E5A-6C559690ACAB}.Release|x64.Build.0 = Release|Any CPU
		{4DC22215-291D-402D-9E5A-6C559690ACAB}.Release|x86.ActiveCfg = Release|Any CPU
		{4DC22215-291D-402D-9E5A-6C559690ACAB}.Release|x86.Build.0 = Release|Any CPU
		{7A1996AF-DC94-4C18-8EAE-2EF3EFFDC8BB}.Debug|Any CPU.ActiveCfg = Debug|Any CPU
		{7A1996AF-DC94-4C18-8EAE-2EF3EFFDC8BB}.Debug|Any CPU.Build.0 = Debug|Any CPU
		{7A1996AF-DC94-4C18-8EAE-2EF3EFFDC8BB}.Debug|x64.ActiveCfg = Debug|Any CPU
		{7A1996AF-DC94-4C18-8EAE-2EF3EFFDC8BB}.Debug|x64.Build.0 = Debug|Any CPU
		{7A1996AF-DC94-4C18-8EAE-2EF3EFFDC8BB}.Debug|x86.ActiveCfg = Debug|Any CPU
		{7A1996AF-DC94-4C18-8EAE-2EF3EFFDC8BB}.Debug|x86.Build.0 = Debug|Any CPU
		{7A1996AF-DC94-4C18-8EAE-2EF3EFFDC8BB}.Release|Any CPU.ActiveCfg = Release|Any CPU
		{7A1996AF-DC94-4C18-8EAE-2EF3EFFDC8BB}.Release|Any CPU.Build.0 = Release|Any CPU
		{7A1996AF-DC94-4C18-8EAE-2EF3EFFDC8BB}.Release|x64.ActiveCfg = Release|Any CPU
		{7A1996AF-DC94-4C18-8EAE-2EF3EFFDC8BB}.Release|x64.Build.0 = Release|Any CPU
		{7A1996AF-DC94-4C18-8EAE-2EF3EFFDC8BB}.Release|x86.ActiveCfg = Release|Any CPU
		{7A1996AF-DC94-4C18-8EAE-2EF3EFFDC8BB}.Release|x86.Build.0 = Release|Any CPU
		{665BFFE8-873F-4D87-982F-774B418E8473}.Debug|Any CPU.ActiveCfg = Debug|Any CPU
		{665BFFE8-873F-4D87-982F-774B418E8473}.Debug|Any CPU.Build.0 = Debug|Any CPU
		{665BFFE8-873F-4D87-982F-774B418E8473}.Debug|x64.ActiveCfg = Debug|Any CPU
		{665BFFE8-873F-4D87-982F-774B418E8473}.Debug|x64.Build.0 = Debug|Any CPU
		{665BFFE8-873F-4D87-982F-774B418E8473}.Debug|x86.ActiveCfg = Debug|Any CPU
		{665BFFE8-873F-4D87-982F-774B418E8473}.Debug|x86.Build.0 = Debug|Any CPU
		{665BFFE8-873F-4D87-982F-774B418E8473}.Release|Any CPU.ActiveCfg = Release|Any CPU
		{665BFFE8-873F-4D87-982F-774B418E8473}.Release|Any CPU.Build.0 = Release|Any CPU
		{665BFFE8-873F-4D87-982F-774B418E8473}.Release|x64.ActiveCfg = Release|Any CPU
		{665BFFE8-873F-4D87-982F-774B418E8473}.Release|x64.Build.0 = Release|Any CPU
		{665BFFE8-873F-4D87-982F-774B418E8473}.Release|x86.ActiveCfg = Release|Any CPU
		{665BFFE8-873F-4D87-982F-774B418E8473}.Release|x86.Build.0 = Release|Any CPU
		{A531EE34-6679-4636-8066-989F46E56C1F}.Debug|Any CPU.ActiveCfg = Debug|Any CPU
		{A531EE34-6679-4636-8066-989F46E56C1F}.Debug|Any CPU.Build.0 = Debug|Any CPU
		{A531EE34-6679-4636-8066-989F46E56C1F}.Debug|x64.ActiveCfg = Debug|Any CPU
		{A531EE34-6679-4636-8066-989F46E56C1F}.Debug|x64.Build.0 = Debug|Any CPU
		{A531EE34-6679-4636-8066-989F46E56C1F}.Debug|x86.ActiveCfg = Debug|Any CPU
		{A531EE34-6679-4636-8066-989F46E56C1F}.Debug|x86.Build.0 = Debug|Any CPU
		{A531EE34-6679-4636-8066-989F46E56C1F}.Release|Any CPU.ActiveCfg = Release|Any CPU
		{A531EE34-6679-4636-8066-989F46E56C1F}.Release|Any CPU.Build.0 = Release|Any CPU
		{A531EE34-6679-4636-8066-989F46E56C1F}.Release|x64.ActiveCfg = Release|Any CPU
		{A531EE34-6679-4636-8066-989F46E56C1F}.Release|x64.Build.0 = Release|Any CPU
		{A531EE34-6679-4636-8066-989F46E56C1F}.Release|x86.ActiveCfg = Release|Any CPU
		{A531EE34-6679-4636-8066-989F46E56C1F}.Release|x86.Build.0 = Release|Any CPU
		{417FD4D4-FBB5-4E91-97B5-E6A7E2575340}.Debug|Any CPU.ActiveCfg = Debug|Any CPU
		{417FD4D4-FBB5-4E91-97B5-E6A7E2575340}.Debug|Any CPU.Build.0 = Debug|Any CPU
		{417FD4D4-FBB5-4E91-97B5-E6A7E2575340}.Debug|x64.ActiveCfg = Debug|Any CPU
		{417FD4D4-FBB5-4E91-97B5-E6A7E2575340}.Debug|x64.Build.0 = Debug|Any CPU
		{417FD4D4-FBB5-4E91-97B5-E6A7E2575340}.Debug|x86.ActiveCfg = Debug|Any CPU
		{417FD4D4-FBB5-4E91-97B5-E6A7E2575340}.Debug|x86.Build.0 = Debug|Any CPU
		{417FD4D4-FBB5-4E91-97B5-E6A7E2575340}.Release|Any CPU.ActiveCfg = Release|Any CPU
		{417FD4D4-FBB5-4E91-97B5-E6A7E2575340}.Release|Any CPU.Build.0 = Release|Any CPU
		{417FD4D4-FBB5-4E91-97B5-E6A7E2575340}.Release|x64.ActiveCfg = Release|Any CPU
		{417FD4D4-FBB5-4E91-97B5-E6A7E2575340}.Release|x64.Build.0 = Release|Any CPU
		{417FD4D4-FBB5-4E91-97B5-E6A7E2575340}.Release|x86.ActiveCfg = Release|Any CPU
		{417FD4D4-FBB5-4E91-97B5-E6A7E2575340}.Release|x86.Build.0 = Release|Any CPU
		{93B2C1F5-0A75-4486-8C05-406A36B6D695}.Debug|Any CPU.ActiveCfg = Debug|Any CPU
		{93B2C1F5-0A75-4486-8C05-406A36B6D695}.Debug|Any CPU.Build.0 = Debug|Any CPU
		{93B2C1F5-0A75-4486-8C05-406A36B6D695}.Debug|x64.ActiveCfg = Debug|Any CPU
		{93B2C1F5-0A75-4486-8C05-406A36B6D695}.Debug|x64.Build.0 = Debug|Any CPU
		{93B2C1F5-0A75-4486-8C05-406A36B6D695}.Debug|x86.ActiveCfg = Debug|Any CPU
		{93B2C1F5-0A75-4486-8C05-406A36B6D695}.Debug|x86.Build.0 = Debug|Any CPU
		{93B2C1F5-0A75-4486-8C05-406A36B6D695}.Release|Any CPU.ActiveCfg = Release|Any CPU
		{93B2C1F5-0A75-4486-8C05-406A36B6D695}.Release|Any CPU.Build.0 = Release|Any CPU
		{93B2C1F5-0A75-4486-8C05-406A36B6D695}.Release|x64.ActiveCfg = Release|Any CPU
		{93B2C1F5-0A75-4486-8C05-406A36B6D695}.Release|x64.Build.0 = Release|Any CPU
		{93B2C1F5-0A75-4486-8C05-406A36B6D695}.Release|x86.ActiveCfg = Release|Any CPU
		{93B2C1F5-0A75-4486-8C05-406A36B6D695}.Release|x86.Build.0 = Release|Any CPU
		{F9A6C1FA-A953-43BB-9111-9B2FCE0D4A2F}.Debug|Any CPU.ActiveCfg = Debug|Any CPU
		{F9A6C1FA-A953-43BB-9111-9B2FCE0D4A2F}.Debug|Any CPU.Build.0 = Debug|Any CPU
		{F9A6C1FA-A953-43BB-9111-9B2FCE0D4A2F}.Debug|x64.ActiveCfg = Debug|Any CPU
		{F9A6C1FA-A953-43BB-9111-9B2FCE0D4A2F}.Debug|x64.Build.0 = Debug|Any CPU
		{F9A6C1FA-A953-43BB-9111-9B2FCE0D4A2F}.Debug|x86.ActiveCfg = Debug|Any CPU
		{F9A6C1FA-A953-43BB-9111-9B2FCE0D4A2F}.Debug|x86.Build.0 = Debug|Any CPU
		{F9A6C1FA-A953-43BB-9111-9B2FCE0D4A2F}.Release|Any CPU.ActiveCfg = Release|Any CPU
		{F9A6C1FA-A953-43BB-9111-9B2FCE0D4A2F}.Release|Any CPU.Build.0 = Release|Any CPU
		{F9A6C1FA-A953-43BB-9111-9B2FCE0D4A2F}.Release|x64.ActiveCfg = Release|Any CPU
		{F9A6C1FA-A953-43BB-9111-9B2FCE0D4A2F}.Release|x64.Build.0 = Release|Any CPU
		{F9A6C1FA-A953-43BB-9111-9B2FCE0D4A2F}.Release|x86.ActiveCfg = Release|Any CPU
		{F9A6C1FA-A953-43BB-9111-9B2FCE0D4A2F}.Release|x86.Build.0 = Release|Any CPU
		{66DD103B-C1E5-4B17-A90C-45774E042C38}.Debug|Any CPU.ActiveCfg = Debug|Any CPU
		{66DD103B-C1E5-4B17-A90C-45774E042C38}.Debug|Any CPU.Build.0 = Debug|Any CPU
		{66DD103B-C1E5-4B17-A90C-45774E042C38}.Debug|x64.ActiveCfg = Debug|Any CPU
		{66DD103B-C1E5-4B17-A90C-45774E042C38}.Debug|x64.Build.0 = Debug|Any CPU
		{66DD103B-C1E5-4B17-A90C-45774E042C38}.Debug|x86.ActiveCfg = Debug|Any CPU
		{66DD103B-C1E5-4B17-A90C-45774E042C38}.Debug|x86.Build.0 = Debug|Any CPU
		{66DD103B-C1E5-4B17-A90C-45774E042C38}.Release|Any CPU.ActiveCfg = Release|Any CPU
		{66DD103B-C1E5-4B17-A90C-45774E042C38}.Release|Any CPU.Build.0 = Release|Any CPU
		{66DD103B-C1E5-4B17-A90C-45774E042C38}.Release|x64.ActiveCfg = Release|Any CPU
		{66DD103B-C1E5-4B17-A90C-45774E042C38}.Release|x64.Build.0 = Release|Any CPU
		{66DD103B-C1E5-4B17-A90C-45774E042C38}.Release|x86.ActiveCfg = Release|Any CPU
		{66DD103B-C1E5-4B17-A90C-45774E042C38}.Release|x86.Build.0 = Release|Any CPU
		{58413CE7-470D-4C27-BDBD-4CA04BC2E481}.Debug|Any CPU.ActiveCfg = Debug|Any CPU
		{58413CE7-470D-4C27-BDBD-4CA04BC2E481}.Debug|Any CPU.Build.0 = Debug|Any CPU
		{58413CE7-470D-4C27-BDBD-4CA04BC2E481}.Debug|x64.ActiveCfg = Debug|Any CPU
		{58413CE7-470D-4C27-BDBD-4CA04BC2E481}.Debug|x64.Build.0 = Debug|Any CPU
		{58413CE7-470D-4C27-BDBD-4CA04BC2E481}.Debug|x86.ActiveCfg = Debug|Any CPU
		{58413CE7-470D-4C27-BDBD-4CA04BC2E481}.Debug|x86.Build.0 = Debug|Any CPU
		{58413CE7-470D-4C27-BDBD-4CA04BC2E481}.Release|Any CPU.ActiveCfg = Release|Any CPU
		{58413CE7-470D-4C27-BDBD-4CA04BC2E481}.Release|Any CPU.Build.0 = Release|Any CPU
		{58413CE7-470D-4C27-BDBD-4CA04BC2E481}.Release|x64.ActiveCfg = Release|Any CPU
		{58413CE7-470D-4C27-BDBD-4CA04BC2E481}.Release|x64.Build.0 = Release|Any CPU
		{58413CE7-470D-4C27-BDBD-4CA04BC2E481}.Release|x86.ActiveCfg = Release|Any CPU
		{58413CE7-470D-4C27-BDBD-4CA04BC2E481}.Release|x86.Build.0 = Release|Any CPU
		{85C348FF-D227-42A9-8F8F-DDB673BE8A9B}.Debug|Any CPU.ActiveCfg = Debug|Any CPU
		{85C348FF-D227-42A9-8F8F-DDB673BE8A9B}.Debug|Any CPU.Build.0 = Debug|Any CPU
		{85C348FF-D227-42A9-8F8F-DDB673BE8A9B}.Debug|x64.ActiveCfg = Debug|Any CPU
		{85C348FF-D227-42A9-8F8F-DDB673BE8A9B}.Debug|x64.Build.0 = Debug|Any CPU
		{85C348FF-D227-42A9-8F8F-DDB673BE8A9B}.Debug|x86.ActiveCfg = Debug|Any CPU
		{85C348FF-D227-42A9-8F8F-DDB673BE8A9B}.Debug|x86.Build.0 = Debug|Any CPU
		{85C348FF-D227-42A9-8F8F-DDB673BE8A9B}.Release|Any CPU.ActiveCfg = Release|Any CPU
		{85C348FF-D227-42A9-8F8F-DDB673BE8A9B}.Release|Any CPU.Build.0 = Release|Any CPU
		{85C348FF-D227-42A9-8F8F-DDB673BE8A9B}.Release|x64.ActiveCfg = Release|Any CPU
		{85C348FF-D227-42A9-8F8F-DDB673BE8A9B}.Release|x64.Build.0 = Release|Any CPU
		{85C348FF-D227-42A9-8F8F-DDB673BE8A9B}.Release|x86.ActiveCfg = Release|Any CPU
		{85C348FF-D227-42A9-8F8F-DDB673BE8A9B}.Release|x86.Build.0 = Release|Any CPU
		{0256A642-104C-4ABE-B7D9-5C4078FBBF94}.Debug|Any CPU.ActiveCfg = Debug|Any CPU
		{0256A642-104C-4ABE-B7D9-5C4078FBBF94}.Debug|Any CPU.Build.0 = Debug|Any CPU
		{0256A642-104C-4ABE-B7D9-5C4078FBBF94}.Debug|x64.ActiveCfg = Debug|Any CPU
		{0256A642-104C-4ABE-B7D9-5C4078FBBF94}.Debug|x64.Build.0 = Debug|Any CPU
		{0256A642-104C-4ABE-B7D9-5C4078FBBF94}.Debug|x86.ActiveCfg = Debug|Any CPU
		{0256A642-104C-4ABE-B7D9-5C4078FBBF94}.Debug|x86.Build.0 = Debug|Any CPU
		{0256A642-104C-4ABE-B7D9-5C4078FBBF94}.Release|Any CPU.ActiveCfg = Release|Any CPU
		{0256A642-104C-4ABE-B7D9-5C4078FBBF94}.Release|Any CPU.Build.0 = Release|Any CPU
		{0256A642-104C-4ABE-B7D9-5C4078FBBF94}.Release|x64.ActiveCfg = Release|Any CPU
		{0256A642-104C-4ABE-B7D9-5C4078FBBF94}.Release|x64.Build.0 = Release|Any CPU
		{0256A642-104C-4ABE-B7D9-5C4078FBBF94}.Release|x86.ActiveCfg = Release|Any CPU
		{0256A642-104C-4ABE-B7D9-5C4078FBBF94}.Release|x86.Build.0 = Release|Any CPU
		{325AEDFA-A2B0-4D9D-8E00-36858997B6E2}.Debug|Any CPU.ActiveCfg = Debug|Any CPU
		{325AEDFA-A2B0-4D9D-8E00-36858997B6E2}.Debug|Any CPU.Build.0 = Debug|Any CPU
		{325AEDFA-A2B0-4D9D-8E00-36858997B6E2}.Debug|x64.ActiveCfg = Debug|Any CPU
		{325AEDFA-A2B0-4D9D-8E00-36858997B6E2}.Debug|x64.Build.0 = Debug|Any CPU
		{325AEDFA-A2B0-4D9D-8E00-36858997B6E2}.Debug|x86.ActiveCfg = Debug|Any CPU
		{325AEDFA-A2B0-4D9D-8E00-36858997B6E2}.Debug|x86.Build.0 = Debug|Any CPU
		{325AEDFA-A2B0-4D9D-8E00-36858997B6E2}.Release|Any CPU.ActiveCfg = Release|Any CPU
		{325AEDFA-A2B0-4D9D-8E00-36858997B6E2}.Release|Any CPU.Build.0 = Release|Any CPU
		{325AEDFA-A2B0-4D9D-8E00-36858997B6E2}.Release|x64.ActiveCfg = Release|Any CPU
		{325AEDFA-A2B0-4D9D-8E00-36858997B6E2}.Release|x64.Build.0 = Release|Any CPU
		{325AEDFA-A2B0-4D9D-8E00-36858997B6E2}.Release|x86.ActiveCfg = Release|Any CPU
		{325AEDFA-A2B0-4D9D-8E00-36858997B6E2}.Release|x86.Build.0 = Release|Any CPU
		{77AD9470-AB77-4468-868A-572DA9B58292}.Debug|Any CPU.ActiveCfg = Debug|Any CPU
		{77AD9470-AB77-4468-868A-572DA9B58292}.Debug|Any CPU.Build.0 = Debug|Any CPU
		{77AD9470-AB77-4468-868A-572DA9B58292}.Debug|x64.ActiveCfg = Debug|Any CPU
		{77AD9470-AB77-4468-868A-572DA9B58292}.Debug|x64.Build.0 = Debug|Any CPU
		{77AD9470-AB77-4468-868A-572DA9B58292}.Debug|x86.ActiveCfg = Debug|Any CPU
		{77AD9470-AB77-4468-868A-572DA9B58292}.Debug|x86.Build.0 = Debug|Any CPU
		{77AD9470-AB77-4468-868A-572DA9B58292}.Release|Any CPU.ActiveCfg = Release|Any CPU
		{77AD9470-AB77-4468-868A-572DA9B58292}.Release|Any CPU.Build.0 = Release|Any CPU
		{77AD9470-AB77-4468-868A-572DA9B58292}.Release|x64.ActiveCfg = Release|Any CPU
		{77AD9470-AB77-4468-868A-572DA9B58292}.Release|x64.Build.0 = Release|Any CPU
		{77AD9470-AB77-4468-868A-572DA9B58292}.Release|x86.ActiveCfg = Release|Any CPU
		{77AD9470-AB77-4468-868A-572DA9B58292}.Release|x86.Build.0 = Release|Any CPU
	EndGlobalSection
	GlobalSection(SolutionProperties) = preSolution
		HideSolutionNode = FALSE
	EndGlobalSection
	GlobalSection(NestedProjects) = preSolution
		{4DC22215-291D-402D-9E5A-6C559690ACAB} = {827E0CD3-B72D-47B6-A68D-7590B98EB39B}
		{7A1996AF-DC94-4C18-8EAE-2EF3EFFDC8BB} = {827E0CD3-B72D-47B6-A68D-7590B98EB39B}
		{665BFFE8-873F-4D87-982F-774B418E8473} = {0AB3BF05-4346-4AA6-1389-037BE0695223}
		{A531EE34-6679-4636-8066-989F46E56C1F} = {0AB3BF05-4346-4AA6-1389-037BE0695223}
		{417FD4D4-FBB5-4E91-97B5-E6A7E2575340} = {5D20AA90-6969-D8BD-9DCD-8634F4692FDA}
		{93B2C1F5-0A75-4486-8C05-406A36B6D695} = {827E0CD3-B72D-47B6-A68D-7590B98EB39B}
		{F9A6C1FA-A953-43BB-9111-9B2FCE0D4A2F} = {0AB3BF05-4346-4AA6-1389-037BE0695223}
		{66DD103B-C1E5-4B17-A90C-45774E042C38} = {5D20AA90-6969-D8BD-9DCD-8634F4692FDA}
		{58413CE7-470D-4C27-BDBD-4CA04BC2E481} = {827E0CD3-B72D-47B6-A68D-7590B98EB39B}
		{85C348FF-D227-42A9-8F8F-DDB673BE8A9B} = {0AB3BF05-4346-4AA6-1389-037BE0695223}
		{0256A642-104C-4ABE-B7D9-5C4078FBBF94} = {827E0CD3-B72D-47B6-A68D-7590B98EB39B}
		{325AEDFA-A2B0-4D9D-8E00-36858997B6E2} = {0AB3BF05-4346-4AA6-1389-037BE0695223}
		{77AD9470-AB77-4468-868A-572DA9B58292} = {5D20AA90-6969-D8BD-9DCD-8634F4692FDA}
	EndGlobalSection
EndGlobal
